
Microsoft Visual Studio Solution File, Format Version 12.00
# Visual Studio 15
VisualStudioVersion = 15.0.26124.0
MinimumVisualStudioVersion = 15.0.26124.0
Project("{FAE04EC0-301F-11D3-BF4B-00C04F79EFBC}") = "Example.Web", "Example.Web\Example.Web.csproj", "{3C1B06E1-EF17-432E-924F-B835C58033FD}"
EndProject
Project("{FAE04EC0-301F-11D3-BF4B-00C04F79EFBC}") = "Example.Test", "Example.Test\Example.Test.csproj", "{A81AD723-8D37-41C8-9AFF-5378E967DBCE}"
EndProject
Global
	GlobalSection(SolutionConfigurationPlatforms) = preSolution
		Debug|Any CPU = Debug|Any CPU
		Debug|x64 = Debug|x64
		Debug|x86 = Debug|x86
		Release|Any CPU = Release|Any CPU
		Release|x64 = Release|x64
		Release|x86 = Release|x86
	EndGlobalSection
	GlobalSection(SolutionProperties) = preSolution
		HideSolutionNode = FALSE
	EndGlobalSection
	GlobalSection(ProjectConfigurationPlatforms) = postSolution
		{3C1B06E1-EF17-432E-924F-B835C58033FD}.Debug|Any CPU.ActiveCfg = Debug|Any CPU
		{3C1B06E1-EF17-432E-924F-B835C58033FD}.Debug|Any CPU.Build.0 = Debug|Any CPU
		{3C1B06E1-EF17-432E-924F-B835C58033FD}.Debug|x64.ActiveCfg = Debug|Any CPU
		{3C1B06E1-EF17-432E-924F-B835C58033FD}.Debug|x64.Build.0 = Debug|Any CPU
		{3C1B06E1-EF17-432E-924F-B835C58033FD}.Debug|x86.ActiveCfg = Debug|Any CPU
		{3C1B06E1-EF17-432E-924F-B835C58033FD}.Debug|x86.Build.0 = Debug|Any CPU
		{3C1B06E1-EF17-432E-924F-B835C58033FD}.Release|Any CPU.ActiveCfg = Release|Any CPU
		{3C1B06E1-EF17-432E-924F-B835C58033FD}.Release|Any CPU.Build.0 = Release|Any CPU
		{3C1B06E1-EF17-432E-924F-B835C58033FD}.Release|x64.ActiveCfg = Release|Any CPU
		{3C1B06E1-EF17-432E-924F-B835C58033FD}.Release|x64.Build.0 = Release|Any CPU
		{3C1B06E1-EF17-432E-924F-B835C58033FD}.Release|x86.ActiveCfg = Release|Any CPU
		{3C1B06E1-EF17-432E-924F-B835C58033FD}.Release|x86.Build.0 = Release|Any CPU
		{A81AD723-8D37-41C8-9AFF-5378E967DBCE}.Debug|Any CPU.ActiveCfg = Debug|Any CPU
		{A81AD723-8D37-41C8-9AFF-5378E967DBCE}.Debug|Any CPU.Build.0 = Debug|Any CPU
		{A81AD723-8D37-41C8-9AFF-5378E967DBCE}.Debug|x64.ActiveCfg = Debug|Any CPU
		{A81AD723-8D37-41C8-9AFF-5378E967DBCE}.Debug|x64.Build.0 = Debug|Any CPU
		{A81AD723-8D37-41C8-9AFF-5378E967DBCE}.Debug|x86.ActiveCfg = Debug|Any CPU
		{A81AD723-8D37-41C8-9AFF-5378E967DBCE}.Debug|x86.Build.0 = Debug|Any CPU
		{A81AD723-8D37-41C8-9AFF-5378E967DBCE}.Release|Any CPU.ActiveCfg = Release|Any CPU
		{A81AD723-8D37-41C8-9AFF-5378E967DBCE}.Release|Any CPU.Build.0 = Release|Any CPU
		{A81AD723-8D37-41C8-9AFF-5378E967DBCE}.Release|x64.ActiveCfg = Release|Any CPU
		{A81AD723-8D37-41C8-9AFF-5378E967DBCE}.Release|x64.Build.0 = Release|Any CPU
		{A81AD723-8D37-41C8-9AFF-5378E967DBCE}.Release|x86.ActiveCfg = Release|Any CPU
		{A81AD723-8D37-41C8-9AFF-5378E967DBCE}.Release|x86.Build.0 = Release|Any CPU
	EndGlobalSection
EndGlobal
